version: 5
environments:
  default:
    channels:
    - url: https://conda.anaconda.org/conda-forge/
    packages:
      win-64:
      - conda: https://conda.anaconda.org/conda-forge/win-64/_openmp_mutex-4.5-2_gnu.conda
      - conda: https://conda.anaconda.org/conda-forge/win-64/bzip2-1.0.8-h2466b09_7.conda
      - conda: https://conda.anaconda.org/conda-forge/win-64/c-compiler-1.8.0-hcfcfb64_0.conda
      - conda: https://conda.anaconda.org/conda-forge/win-64/ca-certificates-2024.8.30-h56e8100_0.conda
      - conda: https://conda.anaconda.org/conda-forge/win-64/clangdev-5.0.0-flang_3.tar.bz2
      - conda: https://conda.anaconda.org/conda-forge/win-64/cmake-3.30.5-h400e5d1_0.conda
      - conda: https://conda.anaconda.org/conda-forge/win-64/compilers-1.8.0-h57928b3_0.conda
      - conda: https://conda.anaconda.org/conda-forge/win-64/cxx-compiler-1.8.0-h91493d7_0.conda
      - conda: https://conda.anaconda.org/conda-forge/win-64/flang-5.0.0-he025d50_20180525.tar.bz2
      - conda: https://conda.anaconda.org/conda-forge/win-64/flang_win-64-5.0.0-h13ae965_20180526.tar.bz2
      - conda: https://conda.anaconda.org/conda-forge/win-64/fortran-compiler-1.8.0-h9655429_0.conda
      - conda: https://conda.anaconda.org/conda-forge/win-64/krb5-1.21.3-hdf4eb48_0.conda
      - conda: https://conda.anaconda.org/conda-forge/win-64/libcurl-8.10.1-h1ee3ff0_0.conda
      - conda: https://conda.anaconda.org/conda-forge/win-64/libexpat-2.6.3-he0c23c2_0.conda
      - conda: https://conda.anaconda.org/conda-forge/win-64/libffi-3.4.2-h8ffe710_5.tar.bz2
      - conda: https://conda.anaconda.org/conda-forge/win-64/libflang-5.0.0-h6538335_20180525.tar.bz2
      - conda: https://conda.anaconda.org/conda-forge/win-64/libgcc-14.1.0-h1383e82_1.conda
      - conda: https://conda.anaconda.org/conda-forge/win-64/libglib-2.82.1-h7025463_0.conda
      - conda: https://conda.anaconda.org/conda-forge/win-64/libgomp-14.1.0-h1383e82_1.conda
      - conda: https://conda.anaconda.org/conda-forge/win-64/libiconv-1.17-hcfcfb64_2.conda
      - conda: https://conda.anaconda.org/conda-forge/win-64/libintl-0.22.5-h5728263_3.conda
      - conda: https://conda.anaconda.org/conda-forge/win-64/libssh2-1.11.0-h7dfc565_0.conda
      - conda: https://conda.anaconda.org/conda-forge/win-64/libuv-1.49.1-h2466b09_0.conda
      - conda: https://conda.anaconda.org/conda-forge/win-64/libwinpthread-12.0.0.r4.gg4f2fc60ca-h57928b3_8.conda
      - conda: https://conda.anaconda.org/conda-forge/win-64/libzlib-1.3.1-h2466b09_2.conda
      - conda: https://conda.anaconda.org/conda-forge/noarch/llvm-meta-5.0.0-0.tar.bz2
      - conda: https://conda.anaconda.org/conda-forge/win-64/lz4-c-1.9.4-hcfcfb64_0.conda
      - conda: https://conda.anaconda.org/conda-forge/win-64/make-4.4.1-h0e40799_2.conda
      - conda: https://conda.anaconda.org/conda-forge/win-64/ninja-1.12.1-hc790b64_0.conda
      - conda: https://conda.anaconda.org/conda-forge/win-64/openmp-5.0.0-vc14_1.tar.bz2
      - conda: https://conda.anaconda.org/conda-forge/win-64/openssl-3.3.2-h2466b09_0.conda
      - conda: https://conda.anaconda.org/conda-forge/win-64/pcre2-10.44-h3d7b363_2.conda
      - conda: https://conda.anaconda.org/conda-forge/win-64/pkg-config-0.29.2-h88c491f_1009.conda
      - conda: https://conda.anaconda.org/conda-forge/win-64/ucrt-10.0.22621.0-h57928b3_1.conda
      - conda: https://conda.anaconda.org/conda-forge/win-64/vc-14.3-ha32ba9b_22.conda
      - conda: https://conda.anaconda.org/conda-forge/win-64/vc14_runtime-14.40.33810-hcc2c482_22.conda
      - conda: https://conda.anaconda.org/conda-forge/win-64/vs2015_runtime-14.40.33810-h3bf8584_22.conda
      - conda: https://conda.anaconda.org/conda-forge/win-64/vs2019_win-64-19.29.30139-he1865b1_22.conda
      - conda: https://conda.anaconda.org/conda-forge/win-64/vswhere-3.1.7-h57928b3_0.conda
      - conda: https://conda.anaconda.org/conda-forge/win-64/xz-5.2.6-h8d14728_0.tar.bz2
      - conda: https://conda.anaconda.org/conda-forge/win-64/zstd-1.5.6-h0ea2cb4_0.conda
packages:
- kind: conda
  name: _openmp_mutex
  version: '4.5'
  build: 2_gnu
  build_number: 8
  subdir: win-64
  url: https://conda.anaconda.org/conda-forge/win-64/_openmp_mutex-4.5-2_gnu.conda
  sha256: 1a62cd1f215fe0902e7004089693a78347a30ad687781dfda2289cab000e652d
  md5: 37e16618af5c4851a3f3d66dd0e11141
  depends:
  - libgomp >=7.5.0
  - libwinpthread >=12.0.0.r2.ggc561118da
  constrains:
  - openmp_impl 9999
  - msys2-conda-epoch <0.0a0
  license: BSD-3-Clause
  license_family: BSD
  size: 49468
  timestamp: 1718213032772
- kind: conda
  name: bzip2
  version: 1.0.8
  build: h2466b09_7
  build_number: 7
  subdir: win-64
  url: https://conda.anaconda.org/conda-forge/win-64/bzip2-1.0.8-h2466b09_7.conda
  sha256: 35a5dad92e88fdd7fc405e864ec239486f4f31eec229e31686e61a140a8e573b
  md5: 276e7ffe9ffe39688abc665ef0f45596
  depends:
  - ucrt >=10.0.20348.0
  - vc >=14.2,<15
  - vc14_runtime >=14.29.30139
  license: bzip2-1.0.6
  license_family: BSD
  size: 54927
  timestamp: 1720974860185
- kind: conda
  name: c-compiler
  version: 1.8.0
  build: hcfcfb64_0
  subdir: win-64
  url: https://conda.anaconda.org/conda-forge/win-64/c-compiler-1.8.0-hcfcfb64_0.conda
  sha256: 42b23f8f3b8ba4d0fc8bafc4ac37b14b67f27e4b53eb0e8b351f3b19faebc427
  md5: b10013cf7cf7baf0eae0f3096bc93b2d
  depends:
  - vs2019_win-64
  license: BSD-3-Clause
  license_family: BSD
  size: 6355
  timestamp: 1725746688782
- kind: conda
  name: ca-certificates
  version: 2024.8.30
  build: h56e8100_0
  subdir: win-64
  url: https://conda.anaconda.org/conda-forge/win-64/ca-certificates-2024.8.30-h56e8100_0.conda
  sha256: 0fcac3a7ffcc556649e034a1802aedf795e64227eaa7194d207b01eaf26454c4
  md5: 4c4fd67c18619be5aa65dc5b6c72e490
  license: ISC
  size: 158773
  timestamp: 1725019107649
- kind: conda
  name: clangdev
  version: 5.0.0
  build: flang_3
  build_number: 3
  subdir: win-64
  url: https://conda.anaconda.org/conda-forge/win-64/clangdev-5.0.0-flang_3.tar.bz2
  sha256: e5661a405acc14bd4941c576daebc3959b6f94f0cfd22b66f2a3f3198a3ec609
  md5: afbd5f59b9358ee37e73fbfb1515c3b6
  depends:
  - vs2015_runtime
  - vc 14.*
  arch: x86_64
  platform: win
  features: flang
  license: NCSA
  size: 198174317
- kind: conda
  name: cmake
  version: 3.30.5
  build: h400e5d1_0
  subdir: win-64
  url: https://conda.anaconda.org/conda-forge/win-64/cmake-3.30.5-h400e5d1_0.conda
  sha256: f1df2ab533ffed1a544ab0672bd09abeaee36cadf59c12f8564b03237779b3d3
  md5: 4b84d88fe13e33dd1cad2deaac3fbcf4
  depends:
  - bzip2 >=1.0.8,<2.0a0
  - libcurl >=8.10.1,<9.0a0
  - libexpat >=2.6.3,<3.0a0
  - libuv >=1.49.0,<2.0a0
  - libzlib >=1.3.1,<2.0a0
  - ucrt >=10.0.20348.0
  - vc14_runtime >=14.29.30139
  - xz >=5.2.6,<6.0a0
  - zstd >=1.5.6,<1.6.0a0
  license: BSD-3-Clause
  license_family: BSD
  size: 14357142
  timestamp: 1728417628536
- kind: conda
  name: compilers
  version: 1.8.0
  build: h57928b3_0
  subdir: win-64
  url: https://conda.anaconda.org/conda-forge/win-64/compilers-1.8.0-h57928b3_0.conda
  sha256: e502f327d992602209fac69c9406ae9120747a7cc545557dc500b84ea7a8ce5c
  md5: ec5fac5b1ccac67fb7b26bfb4e10270b
  depends:
  - c-compiler 1.8.0 hcfcfb64_0
  - cxx-compiler 1.8.0 h91493d7_0
  - fortran-compiler 1.8.0 h9655429_0
  license: BSD-3-Clause
  license_family: BSD
  size: 7340
  timestamp: 1725746693602
- kind: conda
  name: cxx-compiler
  version: 1.8.0
  build: h91493d7_0
  subdir: win-64
  url: https://conda.anaconda.org/conda-forge/win-64/cxx-compiler-1.8.0-h91493d7_0.conda
  sha256: 9b4678911c7c95fa52c6afa7774c0756c5110d158059938a1723b8145fa69948
  md5: 6400ba057745c29c17daab8341dec3ec
  depends:
  - vs2019_win-64
  license: BSD-3-Clause
  license_family: BSD
  size: 6380
  timestamp: 1725746690814
- kind: conda
  name: flang
  version: 5.0.0
  build: he025d50_20180525
  build_number: 20180525
  subdir: win-64
  url: https://conda.anaconda.org/conda-forge/win-64/flang-5.0.0-he025d50_20180525.tar.bz2
  sha256: 7094bc2242e52aea89b8c83e54770028b0668b12e063b405c3423fbfb94f6fa2
  md5: 6a25fea497e9da30b0aa386db4722fc2
  depends:
  - clangdev 5.0.0
  - libflang 5.0.0 h6538335_20180525
  - openmp 5.0.0
  - vc >=14,<15.0a0
  - clangdev * flang*
  arch: x86_64
  platform: win
  track_features:
  - flang
  license: Apache 2.0
  size: 2777448
  timestamp: 1527899241687
- kind: conda
  name: flang_win-64
  version: 5.0.0
  build: h13ae965_20180526
  build_number: 20180526
  subdir: win-64
  url: https://conda.anaconda.org/conda-forge/win-64/flang_win-64-5.0.0-h13ae965_20180526.tar.bz2
  sha256: 7d006dbff4b97a598b7909c8c00e6f6c770f720ba60e2745137aad2183cbb8a8
  md5: 311b7fe1652dab00ff1086865e965764
  depends:
  - flang 5.0.0.*
  track_features:
  - flang
  license: Apache 2.0
  size: 4799
  timestamp: 1611788765006
- kind: conda
  name: fortran-compiler
  version: 1.8.0
  build: h9655429_0
  subdir: win-64
  url: https://conda.anaconda.org/conda-forge/win-64/fortran-compiler-1.8.0-h9655429_0.conda
  sha256: a34f767860675db56620a603b3ae285a64cc11cbbec4f5314125ba3b47b05dce
  md5: ae2ac016b79855742376d84c33fafa57
  depends:
  - flang_win-64 5.*
  license: BSD-3-Clause
  license_family: BSD
  size: 6413
  timestamp: 1725746692195
- kind: conda
  name: krb5
  version: 1.21.3
  build: hdf4eb48_0
  subdir: win-64
  url: https://conda.anaconda.org/conda-forge/win-64/krb5-1.21.3-hdf4eb48_0.conda
  sha256: 18e8b3430d7d232dad132f574268f56b3eb1a19431d6d5de8c53c29e6c18fa81
  md5: 31aec030344e962fbd7dbbbbd68e60a9
  depends:
  - openssl >=3.3.1,<4.0a0
  - ucrt >=10.0.20348.0
  - vc >=14.2,<15
  - vc14_runtime >=14.29.30139
  license: MIT
  license_family: MIT
  size: 712034
  timestamp: 1719463874284
- kind: conda
  name: libcurl
  version: 8.10.1
  build: h1ee3ff0_0
  subdir: win-64
  url: https://conda.anaconda.org/conda-forge/win-64/libcurl-8.10.1-h1ee3ff0_0.conda
  sha256: dfbac497c4fee74f67391f9c4a40cab559468b7d04ff9fad4b404a26b5e1d5b8
  md5: 7ead800e22ff7b4bccb73e42a8f7a0f4
  depends:
  - krb5 >=1.21.3,<1.22.0a0
  - libssh2 >=1.11.0,<2.0a0
  - libzlib >=1.3.1,<2.0a0
  - ucrt >=10.0.20348.0
  - vc >=14.2,<15
  - vc14_runtime >=14.29.30139
  license: curl
  license_family: MIT
  size: 342388
  timestamp: 1726660508261
- kind: conda
  name: libexpat
  version: 2.6.3
  build: he0c23c2_0
  subdir: win-64
  url: https://conda.anaconda.org/conda-forge/win-64/libexpat-2.6.3-he0c23c2_0.conda
  sha256: 9543965d155b8da96fc67dd81705fe5c2571c7c00becc8de5534c850393d4e3c
  md5: 21415fbf4d0de6767a621160b43e5dea
  depends:
  - ucrt >=10.0.20348.0
  - vc >=14.2,<15
  - vc14_runtime >=14.29.30139
  constrains:
  - expat 2.6.3.*
  license: MIT
  license_family: MIT
  size: 138992
  timestamp: 1725569106114
- kind: conda
  name: libffi
  version: 3.4.2
  build: h8ffe710_5
  build_number: 5
  subdir: win-64
  url: https://conda.anaconda.org/conda-forge/win-64/libffi-3.4.2-h8ffe710_5.tar.bz2
  sha256: 1951ab740f80660e9bc07d2ed3aefb874d78c107264fd810f24a1a6211d4b1a5
  md5: 2c96d1b6915b408893f9472569dee135
  depends:
  - vc >=14.1,<15.0a0
  - vs2015_runtime >=14.16.27012
  license: MIT
  license_family: MIT
  size: 42063
  timestamp: 1636489106777
- kind: conda
  name: libflang
  version: 5.0.0
  build: h6538335_20180525
  build_number: 20180525
  subdir: win-64
  url: https://conda.anaconda.org/conda-forge/win-64/libflang-5.0.0-h6538335_20180525.tar.bz2
  sha256: 0b893b511190332320f4a3e3d6424fbd350271ffbca34eb25b5cd8bc451f1a05
  md5: 9f473a344e18668e99a93f7e21a54b69
  depends:
  - openmp 5.0.0
  - vc >=14,<15.0a0
  arch: x86_64
  platform: win
  track_features:
  - flang
  license: Apache 2.0
  size: 531143
  timestamp: 1527899216421
- kind: conda
  name: libgcc
  version: 14.1.0
  build: h1383e82_1
  build_number: 1
  subdir: win-64
  url: https://conda.anaconda.org/conda-forge/win-64/libgcc-14.1.0-h1383e82_1.conda
  sha256: 727d3659035d7b3c6c07c2cf90e7886ae81fd03229abf3ec9f836d9aeca11d2a
  md5: 5464b6bb50d593b8f529d1fbcd58f3b2
  depends:
  - _openmp_mutex >=4.5
  - libwinpthread >=12.0.0.r4.gg4f2fc60ca
  constrains:
  - msys2-conda-epoch <0.0a0
  - libgomp 14.1.0 h1383e82_1
  - libgcc-ng ==14.1.0=*_1
  license: GPL-3.0-only WITH GCC-exception-3.1
  license_family: GPL
  size: 665353
  timestamp: 1724805164393
- kind: conda
  name: libglib
  version: 2.82.1
  build: h7025463_0
  subdir: win-64
  url: https://conda.anaconda.org/conda-forge/win-64/libglib-2.82.1-h7025463_0.conda
  sha256: b037bc6a1219f3ab9e3e408edcb0659ac9bae542c50213977e6ade90f70fc62e
  md5: f784035a6fcb34f0583ca3bd0dcc6c3b
  depends:
  - libffi >=3.4,<4.0a0
  - libiconv >=1.17,<2.0a0
  - libintl >=0.22.5,<1.0a0
  - libzlib >=1.3.1,<2.0a0
  - pcre2 >=10.44,<10.45.0a0
  - ucrt >=10.0.20348.0
  - vc >=14.2,<15
  - vc14_runtime >=14.29.30139
  constrains:
  - glib 2.82.1 *_0
  license: LGPL-2.1-or-later
  size: 3759023
  timestamp: 1727442499076
- kind: conda
  name: libgomp
  version: 14.1.0
  build: h1383e82_1
  build_number: 1
  subdir: win-64
  url: https://conda.anaconda.org/conda-forge/win-64/libgomp-14.1.0-h1383e82_1.conda
  sha256: c7c2c51397d57c2e4d48f8676d340ddf88067886f849128ba7d6bd24619dbccc
  md5: f8aa80643cd3ff1767ea4e6008ed52d1
  depends:
  - libwinpthread >=12.0.0.r4.gg4f2fc60ca
  constrains:
  - msys2-conda-epoch <0.0a0
  license: GPL-3.0-only WITH GCC-exception-3.1
  license_family: GPL
  size: 522202
  timestamp: 1724805108466
- kind: conda
  name: libiconv
  version: '1.17'
  build: hcfcfb64_2
  build_number: 2
  subdir: win-64
  url: https://conda.anaconda.org/conda-forge/win-64/libiconv-1.17-hcfcfb64_2.conda
  sha256: 5f844dd19b046d43174ad80c6ea75b5d504020e3b63cfbc4ace97b8730d35c7b
  md5: e1eb10b1cca179f2baa3601e4efc8712
  depends:
  - ucrt >=10.0.20348.0
  - vc >=14.2,<15
  - vc14_runtime >=14.29.30139
  license: LGPL-2.1-only
  size: 636146
  timestamp: 1702682547199
- kind: conda
  name: libintl
  version: 0.22.5
  build: h5728263_3
  build_number: 3
  subdir: win-64
  url: https://conda.anaconda.org/conda-forge/win-64/libintl-0.22.5-h5728263_3.conda
  sha256: c7e4600f28bcada8ea81456a6530c2329312519efcf0c886030ada38976b0511
  md5: 2cf0cf76cc15d360dfa2f17fd6cf9772
  depends:
  - libiconv >=1.17,<2.0a0
  license: LGPL-2.1-or-later
  size: 95568
  timestamp: 1723629479451
- kind: conda
  name: libssh2
  version: 1.11.0
  build: h7dfc565_0
  subdir: win-64
  url: https://conda.anaconda.org/conda-forge/win-64/libssh2-1.11.0-h7dfc565_0.conda
  sha256: 813fd04eed2a2d5d9c36e53c554f9c1f08e9324e2922bd60c9c52dbbed2dbcec
  md5: dc262d03aae04fe26825062879141a41
  depends:
  - libzlib >=1.2.13,<2.0.0a0
  - openssl >=3.1.1,<4.0a0
  - ucrt >=10.0.20348.0
  - vc >=14.2,<15
  - vc14_runtime >=14.29.30139
  license: BSD-3-Clause
  license_family: BSD
  size: 266806
  timestamp: 1685838242099
- kind: conda
  name: libuv
  version: 1.49.1
  build: h2466b09_0
  subdir: win-64
  url: https://conda.anaconda.org/conda-forge/win-64/libuv-1.49.1-h2466b09_0.conda
  sha256: 2dbf9f337e980950eed7b3c63a7a8b838fc42c94a7b9315ae778b7afd3e756f1
  md5: 1785e24e029e7f07c69d57f1de7eb14d
  depends:
  - ucrt >=10.0.20348.0
  - vc >=14.2,<15
  - vc14_runtime >=14.29.30139
  license: MIT
  license_family: MIT
  size: 289993
  timestamp: 1728653493597
- kind: conda
  name: libwinpthread
  version: 12.0.0.r4.gg4f2fc60ca
  build: h57928b3_8
  build_number: 8
  subdir: win-64
  url: https://conda.anaconda.org/conda-forge/win-64/libwinpthread-12.0.0.r4.gg4f2fc60ca-h57928b3_8.conda
  sha256: 6d5e158813ab8d553fbb0fedd0abe7bf92970b0be3a9ddf12da0f6cbad78f506
  md5: 03cccbba200ee0523bde1f3dad60b1f3
  depends:
  - ucrt
  constrains:
  - pthreads-win32 <0.0a0
  - msys2-conda-epoch <0.0a0
  license: MIT AND BSD-3-Clause-Clear
  size: 35433
  timestamp: 1724681489463
- kind: conda
  name: libzlib
  version: 1.3.1
  build: h2466b09_2
  build_number: 2
  subdir: win-64
  url: https://conda.anaconda.org/conda-forge/win-64/libzlib-1.3.1-h2466b09_2.conda
  sha256: ba945c6493449bed0e6e29883c4943817f7c79cbff52b83360f7b341277c6402
  md5: 41fbfac52c601159df6c01f875de31b9
  depends:
  - ucrt >=10.0.20348.0
  - vc >=14.2,<15
  - vc14_runtime >=14.29.30139
  constrains:
  - zlib 1.3.1 *_2
  license: Zlib
  license_family: Other
  size: 55476
  timestamp: 1727963768015
- kind: conda
  name: llvm-meta
  version: 5.0.0
  build: '0'
  subdir: noarch
  noarch: generic
  url: https://conda.anaconda.org/conda-forge/noarch/llvm-meta-5.0.0-0.tar.bz2
  sha256: 090bbeacc3297ff579b53f55ad184f05c30e316fe9d5d7df63df1d2ad4578b79
  md5: 213b5b5ad34008147a824460e50a691c
  license: BSD-3-Clause
  license_family: BSD
  size: 2667
- kind: conda
  name: lz4-c
  version: 1.9.4
  build: hcfcfb64_0
  subdir: win-64
  url: https://conda.anaconda.org/conda-forge/win-64/lz4-c-1.9.4-hcfcfb64_0.conda
  sha256: a0954b4b1590735ea5f3d0f4579c3883f8ac837387afd5b398b241fda85124ab
  md5: e34720eb20a33fc3bfb8451dd837ab7a
  depends:
  - ucrt >=10.0.20348.0
  - vc >=14.2,<15
  - vs2015_runtime >=14.29.30139
  license: BSD-2-Clause
  license_family: BSD
  size: 134235
  timestamp: 1674728465431
- kind: conda
  name: make
  version: 4.4.1
  build: h0e40799_2
  build_number: 2
  subdir: win-64
  url: https://conda.anaconda.org/conda-forge/win-64/make-4.4.1-h0e40799_2.conda
  sha256: a810cdca3d5fa50d562cda23c0c1195b45ff5f9b0c41e0d4c8c2dd3c043ff4f2
  md5: 77ff648ad9fec660f261aa8ab0949f62
  depends:
  - libgcc >=13
  - libwinpthread >=12.0.0.r4.gg4f2fc60ca
  - ucrt >=10.0.20348.0
  license: GPL-3.0-or-later
  license_family: GPL
  size: 2176937
  timestamp: 1727802346950
- kind: conda
  name: ninja
  version: 1.12.1
  build: hc790b64_0
  subdir: win-64
  url: https://conda.anaconda.org/conda-forge/win-64/ninja-1.12.1-hc790b64_0.conda
  sha256: b821cb72cb3ef08fab90a9bae899510e6cf3c23b5da6070d1ec30099dfe6a5be
  md5: a557dde55343e03c68cd7e29e7f87279
  depends:
  - ucrt >=10.0.20348.0
  - vc >=14.2,<15
  - vc14_runtime >=14.29.30139
  license: Apache-2.0
  license_family: Apache
  size: 285150
  timestamp: 1715441052517
- kind: conda
  name: openmp
  version: 5.0.0
  build: vc14_1
  build_number: 1
  subdir: win-64
  url: https://conda.anaconda.org/conda-forge/win-64/openmp-5.0.0-vc14_1.tar.bz2
  sha256: 05c19170938b589f59049679d4e0679c98160fecc6fd1bf721b0f4980bd235dd
  md5: 8284c925330fa53668ade00db3c9e787
  depends:
  - llvm-meta 5.0.0|5.0.0.*
  - vc 14.*
  arch: x86_64
  platform: win
  license: NCSA
  size: 590466
- kind: conda
  name: openssl
  version: 3.3.2
  build: h2466b09_0
  subdir: win-64
  url: https://conda.anaconda.org/conda-forge/win-64/openssl-3.3.2-h2466b09_0.conda
  sha256: a45c42f3577294e22ac39ddb6ef5a64fd5322e8a6725afefbf4f2b4109340bf9
  md5: 1dc86753693df5e3326bb8a85b74c589
  depends:
  - ca-certificates
  - ucrt >=10.0.20348.0
  - vc >=14.2,<15
  - vc14_runtime >=14.29.30139
  license: Apache-2.0
  license_family: Apache
  size: 8396053
  timestamp: 1725412961673
- kind: conda
  name: pcre2
  version: '10.44'
  build: h3d7b363_2
  build_number: 2
  subdir: win-64
  url: https://conda.anaconda.org/conda-forge/win-64/pcre2-10.44-h3d7b363_2.conda
  sha256: f4a12cbf8a7c5bfa2592b9dc92b492c438781898e5b02f397979b0be6e1b5851
  md5: a3a3baddcfb8c80db84bec3cb7746fb8
  depends:
  - bzip2 >=1.0.8,<2.0a0
  - libzlib >=1.3.1,<2.0a0
  - ucrt >=10.0.20348.0
  - vc >=14.2,<15
  - vc14_runtime >=14.29.30139
  license: BSD-3-Clause
  license_family: BSD
  size: 820831
  timestamp: 1723489427046
- kind: conda
  name: pkg-config
  version: 0.29.2
  build: h88c491f_1009
  build_number: 1009
  subdir: win-64
  url: https://conda.anaconda.org/conda-forge/win-64/pkg-config-0.29.2-h88c491f_1009.conda
  sha256: 86b0c40c8b569dbc164cb1de098ddabf4c240a5e8f38547aab00493891fa67f3
  md5: 122d6514d415fbe02c9b58aee9f6b53e
  depends:
  - libglib >=2.80.3,<3.0a0
  - ucrt >=10.0.20348.0
  - vc >=14.2,<15
  - vc14_runtime >=14.29.30139
  license: GPL-2.0-or-later
  license_family: GPL
  size: 36118
  timestamp: 1720806338740
- kind: conda
  name: ucrt
  version: 10.0.22621.0
  build: h57928b3_1
  build_number: 1
  subdir: win-64
  url: https://conda.anaconda.org/conda-forge/win-64/ucrt-10.0.22621.0-h57928b3_1.conda
  sha256: db8dead3dd30fb1a032737554ce91e2819b43496a0db09927edf01c32b577450
  md5: 6797b005cd0f439c4c5c9ac565783700
  constrains:
  - vs2015_runtime >=14.29.30037
  license: LicenseRef-MicrosoftWindowsSDK10
  size: 559710
  timestamp: 1728377334097
- kind: conda
  name: vc
  version: '14.3'
  build: ha32ba9b_22
  build_number: 22
  subdir: win-64
  url: https://conda.anaconda.org/conda-forge/win-64/vc-14.3-ha32ba9b_22.conda
  sha256: 2a47c5bd8bec045959afada7063feacd074ad66b170c1ea92dd139b389fcf8fd
  md5: 311c9ba1dfdd2895a8cb08346ff26259
  depends:
  - vc14_runtime >=14.38.33135
  track_features:
  - vc14
  license: BSD-3-Clause
  license_family: BSD
  size: 17447
  timestamp: 1728400826998
- kind: conda
  name: vc14_runtime
  version: 14.40.33810
  build: hcc2c482_22
  build_number: 22
  subdir: win-64
  url: https://conda.anaconda.org/conda-forge/win-64/vc14_runtime-14.40.33810-hcc2c482_22.conda
  sha256: 4c669c65007f88a7cdd560192f7e6d5679d191ac71610db724e18b2410964d64
  md5: ce23a4b980ee0556a118ed96550ff3f3
  depends:
  - ucrt >=10.0.20348.0
  constrains:
  - vs2015_runtime 14.40.33810.* *_22
  license: LicenseRef-MicrosoftVisualCpp2015-2022Runtime
  license_family: Proprietary
  size: 750719
  timestamp: 1728401055788
- kind: conda
  name: vs2015_runtime
  version: 14.40.33810
  build: h3bf8584_22
  build_number: 22
  subdir: win-64
  url: https://conda.anaconda.org/conda-forge/win-64/vs2015_runtime-14.40.33810-h3bf8584_22.conda
  sha256: 80aa9932203d65a96f817b8be4fafc176fb2b3fe6cf6899ede678b8f0317fbff
  md5: 8c6b061d44cafdfc8e8c6eb5f100caf0
  depends:
  - vc14_runtime >=14.40.33810
  license: BSD-3-Clause
  license_family: BSD
  size: 17453
  timestamp: 1728400827536
- kind: conda
  name: vs2019_win-64
  version: 19.29.30139
  build: he1865b1_22
  build_number: 22
  subdir: win-64
  url: https://conda.anaconda.org/conda-forge/win-64/vs2019_win-64-19.29.30139-he1865b1_22.conda
  sha256: d22e90a4012dae3e67c912c80ab9876eff2ba58c5735e47442ab8bcf3df8525d
  md5: 8bcfb79dfd0ca4e9bc3a645c6bd9f16a
  depends:
  - vswhere
  constrains:
  - vs_win-64 2019.11
  track_features:
  - vc14
  license: BSD-3-Clause
  license_family: BSD
  size: 19994
  timestamp: 1728401194337
- kind: conda
  name: vswhere
  version: 3.1.7
  build: h57928b3_0
  subdir: win-64
  url: https://conda.anaconda.org/conda-forge/win-64/vswhere-3.1.7-h57928b3_0.conda
  sha256: 8caeda9c0898cb8ee2cf4f45640dbbbdf772ddc01345cfb0f7b352c58b4d8025
  md5: ba83df93b48acfc528f5464c9a882baa
  license: MIT
  license_family: MIT
  size: 219013
  timestamp: 1719460515960
- kind: conda
  name: xz
  version: 5.2.6
  build: h8d14728_0
  subdir: win-64
  url: https://conda.anaconda.org/conda-forge/win-64/xz-5.2.6-h8d14728_0.tar.bz2
  sha256: 54d9778f75a02723784dc63aff4126ff6e6749ba21d11a6d03c1f4775f269fe0
  md5: 515d77642eaa3639413c6b1bc3f94219
  depends:
  - vc >=14.1,<15
  - vs2015_runtime >=14.16.27033
  license: LGPL-2.1 and GPL-2.0
  size: 217804
  timestamp: 1660346976440
- kind: conda
  name: zstd
  version: 1.5.6
  build: h0ea2cb4_0
  subdir: win-64
  url: https://conda.anaconda.org/conda-forge/win-64/zstd-1.5.6-h0ea2cb4_0.conda
  sha256: 768e30dc513568491818fb068ee867c57c514b553915536da09e5d10b4ebf3c3
  md5: 9a17230f95733c04dc40a2b1e5491d74
  depends:
  - libzlib >=1.2.13,<2.0.0a0
  - ucrt >=10.0.20348.0
  - vc >=14.2,<15
  - vc14_runtime >=14.29.30139
  license: BSD-3-Clause
  license_family: BSD
  size: 349143
  timestamp: 1714723445995
